
Microsoft Visual Studio Solution File, Format Version 12.00
# Visual Studio Version 17
VisualStudioVersion = 17.0.31903.59
MinimumVisualStudioVersion = 10.0.40219.1
Project("{FAE04EC0-301F-11D3-BF4B-00C04F79EFBC}") = "FrostAura.Clients.PointsKeeper", "FrostAura.Clients.PointsKeeper.csproj", "{70F99AC4-84C5-4C4B-8044-51FDD4624110}"
EndProject
Project("{FAE04EC0-301F-11D3-BF4B-00C04F79EFBC}") = "FrostAura.Clients.PointsKeeper.Core", "..\FrostAura.Clients.PointsKeeper.Core\FrostAura.Clients.PointsKeeper.Core.csproj", "{668E2240-DD55-4B1D-A76B-FA04CCB0460F}"
EndProject
Project("{FAE04EC0-301F-11D3-BF4B-00C04F79EFBC}") = "FrostAura.Clients.PointsKeeper.Shared", "..\FrostAura.Clients.PointsKeeper.Shared\FrostAura.Clients.PointsKeeper.Shared.csproj", "{F9CD04E1-4470-4311-94B9-934A01EC6DB1}"
EndProject
Project("{FAE04EC0-301F-11D3-BF4B-00C04F79EFBC}") = "FrostAura.Clients.PointsKeeper.Data", "..\FrostAura.Clients.PointsKeeper.Data\FrostAura.Clients.PointsKeeper.Data.csproj", "{D7B3A305-486F-4E04-8C89-B5B4DABEB713}"
EndProject
Project("{2150E333-8FDC-42A3-9474-1A3956D46DE8}") = "Layered Architecture", "Layered Architecture", "{0494E8B0-8836-44A6-8EF2-4837C4F36074}"
EndProject
Project("{2150E333-8FDC-42A3-9474-1A3956D46DE8}") = "Docker", "Docker", "{A26A8E27-EB0B-4131-BDD0-43C320F97F7E}"
EndProject
Global
	GlobalSection(SolutionConfigurationPlatforms) = preSolution
		Debug|Any CPU = Debug|Any CPU
		Release|Any CPU = Release|Any CPU
	EndGlobalSection
	GlobalSection(ProjectConfigurationPlatforms) = postSolution
		{70F99AC4-84C5-4C4B-8044-51FDD4624110}.Debug|Any CPU.ActiveCfg = Debug|Any CPU
		{70F99AC4-84C5-4C4B-8044-51FDD4624110}.Debug|Any CPU.Build.0 = Debug|Any CPU
		{70F99AC4-84C5-4C4B-8044-51FDD4624110}.Release|Any CPU.ActiveCfg = Release|Any CPU
		{70F99AC4-84C5-4C4B-8044-51FDD4624110}.Release|Any CPU.Build.0 = Release|Any CPU
		{668E2240-DD55-4B1D-A76B-FA04CCB0460F}.Debug|Any CPU.ActiveCfg = Debug|Any CPU
		{668E2240-DD55-4B1D-A76B-FA04CCB0460F}.Debug|Any CPU.Build.0 = Debug|Any CPU
		{668E2240-DD55-4B1D-A76B-FA04CCB0460F}.Release|Any CPU.ActiveCfg = Release|Any CPU
		{668E2240-DD55-4B1D-A76B-FA04CCB0460F}.Release|Any CPU.Build.0 = Release|Any CPU
		{F9CD04E1-4470-4311-94B9-934A01EC6DB1}.Debug|Any CPU.ActiveCfg = Debug|Any CPU
		{F9CD04E1-4470-4311-94B9-934A01EC6DB1}.Debug|Any CPU.Build.0 = Debug|Any CPU
		{F9CD04E1-4470-4311-94B9-934A01EC6DB1}.Release|Any CPU.ActiveCfg = Release|Any CPU
		{F9CD04E1-4470-4311-94B9-934A01EC6DB1}.Release|Any CPU.Build.0 = Release|Any CPU
		{D7B3A305-486F-4E04-8C89-B5B4DABEB713}.Debug|Any CPU.ActiveCfg = Debug|Any CPU
		{D7B3A305-486F-4E04-8C89-B5B4DABEB713}.Debug|Any CPU.Build.0 = Debug|Any CPU
		{D7B3A305-486F-4E04-8C89-B5B4DABEB713}.Release|Any CPU.ActiveCfg = Release|Any CPU
		{D7B3A305-486F-4E04-8C89-B5B4DABEB713}.Release|Any CPU.Build.0 = Release|Any CPU
	EndGlobalSection
	GlobalSection(SolutionProperties) = preSolution
		HideSolutionNode = FALSE
	EndGlobalSection
	GlobalSection(NestedProjects) = preSolution
		{668E2240-DD55-4B1D-A76B-FA04CCB0460F} = {0494E8B0-8836-44A6-8EF2-4837C4F36074}
		{F9CD04E1-4470-4311-94B9-934A01EC6DB1} = {0494E8B0-8836-44A6-8EF2-4837C4F36074}
		{D7B3A305-486F-4E04-8C89-B5B4DABEB713} = {0494E8B0-8836-44A6-8EF2-4837C4F36074}
	EndGlobalSection
	GlobalSection(ExtensibilityGlobals) = postSolution
		SolutionGuid = {BEEC4A67-67BD-4846-ADB0-C1799B607A1D}
	EndGlobalSection
EndGlobal
